Microsoft Visual Studio Solution File, Format Version 12.00
# Visual Studio Version 17
VisualStudioVersion = 17.5.2.0
MinimumVisualStudioVersion = 10.0.40219.1
Project("{FAE04EC0-301F-11D3-BF4B-00C04F79EFBC}") = "agenda_contatos", "agenda_contatos.csproj", "{11E2C8D6-D28C-47EF-0247-0F8D1251EF37}"
EndProject
Global
	GlobalSection(SolutionConfigurationPlatforms) = preSolution
		Debug|Any CPU = Debug|Any CPU
		Release|Any CPU = Release|Any CPU
	EndGlobalSection
	GlobalSection(ProjectConfigurationPlatforms) = postSolution
		{11E2C8D6-D28C-47EF-0247-0F8D1251EF37}.Debug|Any CPU.ActiveCfg = Debug|Any CPU
		{11E2C8D6-D28C-47EF-0247-0F8D1251EF37}.Debug|Any CPU.Build.0 = Debug|Any CPU
		{11E2C8D6-D28C-47EF-0247-0F8D1251EF37}.Release|Any CPU.ActiveCfg = Release|Any CPU
		{11E2C8D6-D28C-47EF-0247-0F8D1251EF37}.Release|Any CPU.Build.0 = Release|Any CPU
	EndGlobalSection
	GlobalSection(SolutionProperties) = preSolution
		HideSolutionNode = FALSE
	EndGlobalSection
	GlobalSection(ExtensibilityGlobals) = postSolution
		SolutionGuid = {CF15440F-777C-472F-B22E-123C33B399CE}
	EndGlobalSection
EndGlobal
